
Microsoft Visual Studio Solution File, Format Version 12.00
# Visual Studio Version 16
VisualStudioVersion = 16.0.29411.108
MinimumVisualStudioVersion = 10.0.40219.1
Project("{FAE04EC0-301F-11D3-BF4B-00C04F79EFBC}") = "AssembledGame", "AssembledGame\AssembledGame.csproj", "{5CA1D54A-78D2-4979-B40B-541D7EF6F9EC}"
EndProject
Global
	GlobalSection(SolutionConfigurationPlatforms) = preSolution
		Debug|Any CPU = Debug|Any CPU
		Release|Any CPU = Release|Any CPU
	EndGlobalSection
	GlobalSection(ProjectConfigurationPlatforms) = postSolution
		{5CA1D54A-78D2-4979-B40B-541D7EF6F9EC}.Debug|Any CPU.ActiveCfg = Debug|Any CPU
		{5CA1D54A-78D2-4979-B40B-541D7EF6F9EC}.Debug|Any CPU.Build.0 = Debug|Any CPU
		{5CA1D54A-78D2-4979-B40B-541D7EF6F9EC}.Release|Any CPU.ActiveCfg = Release|Any CPU
		{5CA1D54A-78D2-4979-B40B-541D7EF6F9EC}.Release|Any CPU.Build.0 = Release|Any CPU
	EndGlobalSection
	GlobalSection(SolutionProperties) = preSolution
		HideSolutionNode = FALSE
	EndGlobalSection
	GlobalSection(ExtensibilityGlobals) = postSolution
		SolutionGuid = {A044C35B-474A-4170-9931-040382A0081F}
	EndGlobalSection
EndGlobal
